{
  "name": "hello-world-worker",
  "version": "1.0.0",
  "lockfileVersion": 1,
  "requires": true,
  "dependencies": {
    "compose-await": {
      "version": "1.0.2",
      "resolved": "https://registry.npmjs.org/compose-await/-/compose-await-1.0.2.tgz",
      "integrity": "sha512-qQXNX55pQ76cZNOp7bymSr1/vn5cOiTPBRvWxz4/ewyZkS78cAr36ohi7ObO2mdoThhAzwAxkUd8t1VlghjXaQ=="
    },
    "prettier": {
      "version": "1.18.2",
      "resolved": "https://registry.npmjs.org/prettier/-/prettier-1.18.2.tgz",
      "integrity": "sha512-OeHeMc0JhFE9idD4ZdtNibzY0+TPHSpSSb9h8FqtP+YnoZZ1sl8Vc9b1sasjfymH3SonAF4QcA2+mzHPhMvIiw=="
    },
    "qs": {
      "version": "6.9.7",
      "resolved": "https://registry.npmjs.org/qs/-/qs-6.9.7.tgz",
      "integrity": "sha512-IhMFgUmuNpyRfxA90umL7ByLlgRXu6tIfKPpF5TmcfRLlLCckfP/g3IQmju6jjpu+Hh8rA+2p6A27ZSPOOHdKw=="
    },
    "rambda": {
      "version": "3.3.0",
      "resolved": "https://registry.npmjs.org/rambda/-/rambda-3.3.0.tgz",
      "integrity": "sha512-Tlf+GAG/LIG/c9ksHyo+89K7/m5/FT9LOXYNcwiL5GNM2MM/wrwljEN9an6eaBavQwJoLJiBy8iuFKo4p848yg=="
    }
  }
}
